
Microsoft Visual Studio Solution File, Format Version 12.00
# Visual Studio Version 17
VisualStudioVersion = 17.0.31912.275
MinimumVisualStudioVersion = 10.0.40219.1
Project("{9A19103F-16F7-4668-BE54-9A1E7A4F7556}") = "Metalama.Extensions.DependencyInjection.AspectTests", "src\tests\Metalama.Extensions.DependencyInjection.AspectTests\Metalama.Extensions.DependencyInjection.AspectTests.csproj", "{45EC025C-8C55-4FB4-B63C-5EF3EA1BD1D2}"
EndProject
Project("{9A19103F-16F7-4668-BE54-9A1E7A4F7556}") = "Metalama.Extensions.DependencyInjection", "src\Metalama.Extensions.DependencyInjection\Metalama.Extensions.DependencyInjection.csproj", "{848DBD9D-1ED2-4A27-B4F9-B0D33727EBF8}"
EndProject
Project("{9A19103F-16F7-4668-BE54-9A1E7A4F7556}") = "Metalama.Extensions.DependencyInjection.ServiceLocator", "src\Metalama.Extensions.DependencyInjection.ServiceLocator\Metalama.Extensions.DependencyInjection.ServiceLocator.csproj", "{62F91CB4-7A7E-4BCF-9906-3B5F0DA9DD9C}"
EndProject
Project("{9A19103F-16F7-4668-BE54-9A1E7A4F7556}") = "Metalama.Extensions.DependencyInjection.ServiceLocator.AspectTests", "src\tests\Metalama.Extensions.DependencyInjection.ServiceLocator.AspectTests\Metalama.Extensions.DependencyInjection.ServiceLocator.AspectTests.csproj", "{BE2C078A-5AB6-4927-83EC-70D099471688}"
EndProject
Project("{9A19103F-16F7-4668-BE54-9A1E7A4F7556}") = "Metalama.Extensions.Multicast", "src\Metalama.Extensions.Multicast\Metalama.Extensions.Multicast.csproj", "{66170BA3-19B6-4BA8-B654-4F153ACB90FC}"
EndProject
Project("{9A19103F-16F7-4668-BE54-9A1E7A4F7556}") = "Metalama.Extensions.Multicast.AspectTests", "src\tests\Metalama.Extensions.Multicast.AspectTests\Metalama.Extensions.Multicast.AspectTests.csproj", "{BE81D9A0-308D-44CD-9513-9E56FED265CB}"
EndProject
Project("{FAE04EC0-301F-11D3-BF4B-00C04F79EFBC}") = "Metalama.Extensions.Metrics", "src\Metalama.Extensions.Metrics\Metalama.Extensions.Metrics.csproj", "{F5165D4D-DFEE-4F06-8C64-738A3ECE87BB}"
EndProject
Project("{FAE04EC0-301F-11D3-BF4B-00C04F79EFBC}") = "Metalama.Extensions.Metrics.Impl", "src\Metalama.Extensions.Metrics.Impl\Metalama.Extensions.Metrics.Impl.csproj", "{A89306C1-1AC0-43F0-9BDC-B87CCE5A8E75}"
EndProject
Project("{FAE04EC0-301F-11D3-BF4B-00C04F79EFBC}") = "Metalama.Extensions.Metrics.UnitTests", "src\tests\Metalama.Extensions.Metrics.UnitTests\Metalama.Extensions.Metrics.UnitTests.csproj", "{87A3C104-59EE-460A-ABFF-6F2FDCCB0E1B}"
EndProject
Global
	GlobalSection(SolutionConfigurationPlatforms) = preSolution
		Debug|Any CPU = Debug|Any CPU
		LamaDebug|Any CPU = LamaDebug|Any CPU
		Release|Any CPU = Release|Any CPU
	EndGlobalSection
	GlobalSection(ProjectConfigurationPlatforms) = postSolution
		{45EC025C-8C55-4FB4-B63C-5EF3EA1BD1D2}.Debug|Any CPU.ActiveCfg = Debug|Any CPU
		{45EC025C-8C55-4FB4-B63C-5EF3EA1BD1D2}.Debug|Any CPU.Build.0 = Debug|Any CPU
		{45EC025C-8C55-4FB4-B63C-5EF3EA1BD1D2}.LamaDebug|Any CPU.ActiveCfg = LamaDebug|Any CPU
		{45EC025C-8C55-4FB4-B63C-5EF3EA1BD1D2}.LamaDebug|Any CPU.Build.0 = LamaDebug|Any CPU
		{45EC025C-8C55-4FB4-B63C-5EF3EA1BD1D2}.Release|Any CPU.ActiveCfg = Release|Any CPU
		{45EC025C-8C55-4FB4-B63C-5EF3EA1BD1D2}.Release|Any CPU.Build.0 = Release|Any CPU
		{848DBD9D-1ED2-4A27-B4F9-B0D33727EBF8}.Debug|Any CPU.ActiveCfg = Debug|Any CPU
		{848DBD9D-1ED2-4A27-B4F9-B0D33727EBF8}.Debug|Any CPU.Build.0 = Debug|Any CPU
		{848DBD9D-1ED2-4A27-B4F9-B0D33727EBF8}.LamaDebug|Any CPU.ActiveCfg = LamaDebug|Any CPU
		{848DBD9D-1ED2-4A27-B4F9-B0D33727EBF8}.LamaDebug|Any CPU.Build.0 = LamaDebug|Any CPU
		{848DBD9D-1ED2-4A27-B4F9-B0D33727EBF8}.Release|Any CPU.ActiveCfg = Release|Any CPU
		{848DBD9D-1ED2-4A27-B4F9-B0D33727EBF8}.Release|Any CPU.Build.0 = Release|Any CPU
		{62F91CB4-7A7E-4BCF-9906-3B5F0DA9DD9C}.Debug|Any CPU.ActiveCfg = Debug|Any CPU
		{62F91CB4-7A7E-4BCF-9906-3B5F0DA9DD9C}.Debug|Any CPU.Build.0 = Debug|Any CPU
		{62F91CB4-7A7E-4BCF-9906-3B5F0DA9DD9C}.LamaDebug|Any CPU.ActiveCfg = LamaDebug|Any CPU
		{62F91CB4-7A7E-4BCF-9906-3B5F0DA9DD9C}.LamaDebug|Any CPU.Build.0 = LamaDebug|Any CPU
		{62F91CB4-7A7E-4BCF-9906-3B5F0DA9DD9C}.Release|Any CPU.ActiveCfg = Release|Any CPU
		{62F91CB4-7A7E-4BCF-9906-3B5F0DA9DD9C}.Release|Any CPU.Build.0 = Release|Any CPU
		{BE2C078A-5AB6-4927-83EC-70D099471688}.Debug|Any CPU.ActiveCfg = Debug|Any CPU
		{BE2C078A-5AB6-4927-83EC-70D099471688}.Debug|Any CPU.Build.0 = Debug|Any CPU
		{BE2C078A-5AB6-4927-83EC-70D099471688}.LamaDebug|Any CPU.ActiveCfg = LamaDebug|Any CPU
		{BE2C078A-5AB6-4927-83EC-70D099471688}.LamaDebug|Any CPU.Build.0 = LamaDebug|Any CPU
		{BE2C078A-5AB6-4927-83EC-70D099471688}.Release|Any CPU.ActiveCfg = Release|Any CPU
		{BE2C078A-5AB6-4927-83EC-70D099471688}.Release|Any CPU.Build.0 = Release|Any CPU
		{66170BA3-19B6-4BA8-B654-4F153ACB90FC}.Debug|Any CPU.ActiveCfg = Debug|Any CPU
		{66170BA3-19B6-4BA8-B654-4F153ACB90FC}.Debug|Any CPU.Build.0 = Debug|Any CPU
		{66170BA3-19B6-4BA8-B654-4F153ACB90FC}.LamaDebug|Any CPU.ActiveCfg = LamaDebug|Any CPU
		{66170BA3-19B6-4BA8-B654-4F153ACB90FC}.LamaDebug|Any CPU.Build.0 = LamaDebug|Any CPU
		{66170BA3-19B6-4BA8-B654-4F153ACB90FC}.Release|Any CPU.ActiveCfg = Release|Any CPU
		{66170BA3-19B6-4BA8-B654-4F153ACB90FC}.Release|Any CPU.Build.0 = Release|Any CPU
		{BE81D9A0-308D-44CD-9513-9E56FED265CB}.Debug|Any CPU.ActiveCfg = Debug|Any CPU
		{BE81D9A0-308D-44CD-9513-9E56FED265CB}.Debug|Any CPU.Build.0 = Debug|Any CPU
		{BE81D9A0-308D-44CD-9513-9E56FED265CB}.LamaDebug|Any CPU.ActiveCfg = LamaDebug|Any CPU
		{BE81D9A0-308D-44CD-9513-9E56FED265CB}.LamaDebug|Any CPU.Build.0 = LamaDebug|Any CPU
		{BE81D9A0-308D-44CD-9513-9E56FED265CB}.Release|Any CPU.ActiveCfg = Release|Any CPU
		{BE81D9A0-308D-44CD-9513-9E56FED265CB}.Release|Any CPU.Build.0 = Release|Any CPU
		{F5165D4D-DFEE-4F06-8C64-738A3ECE87BB}.Debug|Any CPU.ActiveCfg = Debug|Any CPU
		{F5165D4D-DFEE-4F06-8C64-738A3ECE87BB}.Debug|Any CPU.Build.0 = Debug|Any CPU
		{F5165D4D-DFEE-4F06-8C64-738A3ECE87BB}.LamaDebug|Any CPU.ActiveCfg = Debug|Any CPU
		{F5165D4D-DFEE-4F06-8C64-738A3ECE87BB}.LamaDebug|Any CPU.Build.0 = Debug|Any CPU
		{F5165D4D-DFEE-4F06-8C64-738A3ECE87BB}.Release|Any CPU.ActiveCfg = Release|Any CPU
		{F5165D4D-DFEE-4F06-8C64-738A3ECE87BB}.Release|Any CPU.Build.0 = Release|Any CPU
		{A89306C1-1AC0-43F0-9BDC-B87CCE5A8E75}.Debug|Any CPU.ActiveCfg = Debug|Any CPU
		{A89306C1-1AC0-43F0-9BDC-B87CCE5A8E75}.Debug|Any CPU.Build.0 = Debug|Any CPU
		{A89306C1-1AC0-43F0-9BDC-B87CCE5A8E75}.LamaDebug|Any CPU.ActiveCfg = Debug|Any CPU
		{A89306C1-1AC0-43F0-9BDC-B87CCE5A8E75}.LamaDebug|Any CPU.Build.0 = Debug|Any CPU
		{A89306C1-1AC0-43F0-9BDC-B87CCE5A8E75}.Release|Any CPU.ActiveCfg = Release|Any CPU
		{A89306C1-1AC0-43F0-9BDC-B87CCE5A8E75}.Release|Any CPU.Build.0 = Release|Any CPU
		{87A3C104-59EE-460A-ABFF-6F2FDCCB0E1B}.Debug|Any CPU.ActiveCfg = Debug|Any CPU
		{87A3C104-59EE-460A-ABFF-6F2FDCCB0E1B}.Debug|Any CPU.Build.0 = Debug|Any CPU
		{87A3C104-59EE-460A-ABFF-6F2FDCCB0E1B}.LamaDebug|Any CPU.ActiveCfg = Debug|Any CPU
		{87A3C104-59EE-460A-ABFF-6F2FDCCB0E1B}.LamaDebug|Any CPU.Build.0 = Debug|Any CPU
		{87A3C104-59EE-460A-ABFF-6F2FDCCB0E1B}.Release|Any CPU.ActiveCfg = Release|Any CPU
		{87A3C104-59EE-460A-ABFF-6F2FDCCB0E1B}.Release|Any CPU.Build.0 = Release|Any CPU
	EndGlobalSection
	GlobalSection(SolutionProperties) = preSolution
		HideSolutionNode = FALSE
	EndGlobalSection
	GlobalSection(ExtensibilityGlobals) = postSolution
		SolutionGuid = {40D2FBCB-DC9E-4CF3-AA05-9A42E9210D2C}
	EndGlobalSection
EndGlobal
