
Microsoft Visual Studio Solution File, Format Version 12.00
# Visual Studio Version 17
VisualStudioVersion = 17.0.31912.275
MinimumVisualStudioVersion = 10.0.40219.1
Project("{FAE04EC0-301F-11D3-BF4B-00C04F79EFBC}") = "Metalama.Framework.DependencyInjection.DotNet", "src\Metalama.Framework.DependencyInjection.DotNet\Metalama.Framework.DependencyInjection.DotNet.csproj", "{35D7011A-49FF-4C77-A675-6E03B6BB26A7}"
EndProject
Project("{FAE04EC0-301F-11D3-BF4B-00C04F79EFBC}") = "Metalama.Framework.DependencyInjection.DotNet.Tests", "src\Metalama.Framework.DependencyInjection.DotNet.Tests\Metalama.Framework.DependencyInjection.DotNet.Tests.csproj", "{45EC025C-8C55-4FB4-B63C-5EF3EA1BD1D2}"
EndProject
Project("{FAE04EC0-301F-11D3-BF4B-00C04F79EFBC}") = "Metalama.Framework.DependencyInjection", "src\Metalama.Framework.DependencyInjection\Metalama.Framework.DependencyInjection.csproj", "{848DBD9D-1ED2-4A27-B4F9-B0D33727EBF8}"
EndProject
Global
	GlobalSection(SolutionConfigurationPlatforms) = preSolution
		Debug|Any CPU = Debug|Any CPU
		Release|Any CPU = Release|Any CPU
	EndGlobalSection
	GlobalSection(ProjectConfigurationPlatforms) = postSolution
		{35D7011A-49FF-4C77-A675-6E03B6BB26A7}.Debug|Any CPU.ActiveCfg = Debug|Any CPU
		{35D7011A-49FF-4C77-A675-6E03B6BB26A7}.Debug|Any CPU.Build.0 = Debug|Any CPU
		{35D7011A-49FF-4C77-A675-6E03B6BB26A7}.Release|Any CPU.ActiveCfg = Release|Any CPU
		{35D7011A-49FF-4C77-A675-6E03B6BB26A7}.Release|Any CPU.Build.0 = Release|Any CPU
		{45EC025C-8C55-4FB4-B63C-5EF3EA1BD1D2}.Debug|Any CPU.ActiveCfg = Debug|Any CPU
		{45EC025C-8C55-4FB4-B63C-5EF3EA1BD1D2}.Debug|Any CPU.Build.0 = Debug|Any CPU
		{45EC025C-8C55-4FB4-B63C-5EF3EA1BD1D2}.Release|Any CPU.ActiveCfg = Release|Any CPU
		{45EC025C-8C55-4FB4-B63C-5EF3EA1BD1D2}.Release|Any CPU.Build.0 = Release|Any CPU
		{848DBD9D-1ED2-4A27-B4F9-B0D33727EBF8}.Debug|Any CPU.ActiveCfg = Debug|Any CPU
		{848DBD9D-1ED2-4A27-B4F9-B0D33727EBF8}.Debug|Any CPU.Build.0 = Debug|Any CPU
		{848DBD9D-1ED2-4A27-B4F9-B0D33727EBF8}.Release|Any CPU.ActiveCfg = Release|Any CPU
		{848DBD9D-1ED2-4A27-B4F9-B0D33727EBF8}.Release|Any CPU.Build.0 = Release|Any CPU
	EndGlobalSection
	GlobalSection(SolutionProperties) = preSolution
		HideSolutionNode = FALSE
	EndGlobalSection
	GlobalSection(ExtensibilityGlobals) = postSolution
		SolutionGuid = {40D2FBCB-DC9E-4CF3-AA05-9A42E9210D2C}
	EndGlobalSection
EndGlobal
